[[package]]
name = "asgiref"
version = "3.5.1"
description = "ASGI specs, helper code, and adapters"
category = "main"
optional = false
python-versions = ">=3.7"

[package.extras]
tests = ["pytest", "pytest-asyncio", "mypy (>=0.800)"]

[[package]]
name = "dj-database-url"
version = "1.0.0"
description = "Use Database URLs in your Django Application."
category = "main"
optional = false
python-versions = "*"

[package.dependencies]
Django = ">3.2"

[[package]]
name = "django"
version = "3.2.13"
description = "A high-level Python Web framework that encourages rapid development and clean, pragmatic design."
category = "main"
optional = false
python-versions = ">=3.6"

[package.dependencies]
asgiref = ">=3.3.2,<4"
pytz = "*"
sqlparse = ">=0.2.2"

[package.extras]
argon2 = ["argon2-cffi (>=19.1.0)"]
bcrypt = ["bcrypt"]

[[package]]
name = "django-ckeditor"
version = "6.5.1"
description = "Django admin CKEditor integration."
category = "main"
optional = false
python-versions = ">=3.8"

[package.dependencies]
Django = ">=3.2"
django-js-asset = ">=2.0"

[[package]]
name = "django-debug-toolbar"
version = "3.7.0"
description = "A configurable set of panels that display various debug information about the current request/response."
category = "main"
optional = false
python-versions = ">=3.7"

[package.dependencies]
Django = ">=3.2.4"
sqlparse = ">=0.2.0"

[[package]]
name = "django-heroku"
version = "0.3.1"
description = "This is a Django library for Heroku apps."
category = "main"
optional = false
python-versions = "*"

[package.dependencies]
dj-database-url = ">=0.5.0"
django = "*"
psycopg2 = "*"
whitenoise = "*"

[[package]]
name = "django-js-asset"
version = "2.0.0"
description = "script tag with additional attributes for django.forms.Media"
category = "main"
optional = false
python-versions = ">=3.6"

[package.dependencies]
Django = ">=2.2"

[package.extras]
tests = ["coverage"]

[[package]]
name = "environ"
version = "1.0"
description = "Stack Based Globals Management"
category = "main"
optional = false
python-versions = "*"

[[package]]
name = "psycopg2"
version = "2.9.4"
description = "psycopg2 - Python-PostgreSQL Database Adapter"
category = "main"
optional = false
python-versions = ">=3.6"

[[package]]
name = "pytz"
version = "2022.1"
description = "World timezone definitions, modern and historical"
category = "main"
optional = false
python-versions = "*"

[[package]]
name = "sqlparse"
version = "0.4.2"
description = "A non-validating SQL parser."
category = "main"
optional = false
python-versions = ">=3.5"

[[package]]
name = "whitenoise"
version = "6.2.0"
description = "Radically simplified static file serving for WSGI applications"
category = "main"
optional = false
python-versions = ">=3.7"

[package.extras]
brotli = ["brotli"]

[metadata]
lock-version = "1.1"
python-versions = "^3.8"
content-hash = "60b78022a4a00f0e5f05d0b9903dd1cb29ea20c1a6a7a978df60ca5ce317642b"

[metadata.files]
asgiref = []
dj-database-url = []
django = []
django-ckeditor = []
django-debug-toolbar = []
django-heroku = []
django-js-asset = []
environ = []
psycopg2 = []
pytz = []
sqlparse = []
whitenoise = []
